// !$*UTF8*$!
{
	archiveVersion = 1;
	classes = {
	};
	objectVersion = 56;
	objects = {

/* Begin PBXBuildFile section */
		095B9E692BDB241400990EEA /* DailyClicks.swift in Sources */ = {isa = PBXBuildFile; fileRef = 095B9E682BDB241400990EEA /* DailyClicks.swift */; };
		09A0F3322BD97BFC005E5C1F /* OpenInAppDashboardApp.swift in Sources */ = {isa = PBXBuildFile; fileRef = 09A0F3312BD97BFC005E5C1F /* OpenInAppDashboardApp.swift */; };
		09A0F3342BD97BFC005E5C1F /* ContentView.swift in Sources */ = {isa = PBXBuildFile; fileRef = 09A0F3332BD97BFC005E5C1F /* ContentView.swift */; };
		09A0F3362BD97BFD005E5C1F /* Assets.xcassets in Resources */ = {isa = PBXBuildFile; fileRef = 09A0F3352BD97BFD005E5C1F /* Assets.xcassets */; };
		09A0F3392BD97BFD005E5C1F /* Preview Assets.xcassets in Resources */ = {isa = PBXBuildFile; fileRef = 09A0F3382BD97BFD005E5C1F /* Preview Assets.xcassets */; };
		09A0F3442BD97C37005E5C1F /* Dashboard.swift in Sources */ = {isa = PBXBuildFile; fileRef = 09A0F3432BD97C37005E5C1F /* Dashboard.swift */; };
		09A0F3482BD98392005E5C1F /* DetailsView.swift in Sources */ = {isa = PBXBuildFile; fileRef = 09A0F3472BD98392005E5C1F /* DetailsView.swift */; };
		09A0F34A2BD9876E005E5C1F /* ChartView.swift in Sources */ = {isa = PBXBuildFile; fileRef = 09A0F3492BD9876D005E5C1F /* ChartView.swift */; };
		09A0F34C2BD9B6DA005E5C1F /* BlockView.swift in Sources */ = {isa = PBXBuildFile; fileRef = 09A0F34B2BD9B6DA005E5C1F /* BlockView.swift */; };
		09A0F34E2BD9BF67005E5C1F /* LinkView.swift in Sources */ = {isa = PBXBuildFile; fileRef = 09A0F34D2BD9BF67005E5C1F /* LinkView.swift */; };
		09A0F3502BD9C318005E5C1F /* DetailLinkView.swift in Sources */ = {isa = PBXBuildFile; fileRef = 09A0F34F2BD9C318005E5C1F /* DetailLinkView.swift */; };
		09A0F3562BD9F701005E5C1F /* TopLinkData.swift in Sources */ = {isa = PBXBuildFile; fileRef = 09A0F3552BD9F701005E5C1F /* TopLinkData.swift */; };
		09A0F3582BD9FAEB005E5C1F /* ApiService.swift in Sources */ = {isa = PBXBuildFile; fileRef = 09A0F3572BD9FAEB005E5C1F /* ApiService.swift */; };
		09A0F35A2BD9FB27005E5C1F /* LinkModel.swift in Sources */ = {isa = PBXBuildFile; fileRef = 09A0F3592BD9FB27005E5C1F /* LinkModel.swift */; };
		09A0F35C2BD9FE9C005E5C1F /* LinksVM.swift in Sources */ = {isa = PBXBuildFile; fileRef = 09A0F35B2BD9FE9C005E5C1F /* LinksVM.swift */; };
/* End PBXBuildFile section */

/* Begin PBXFileReference section */
		095B9E682BDB241400990EEA /* DailyClicks.swift */ = {isa = PBXFileReference; lastKnownFileType = sourcecode.swift; path = DailyClicks.swift; sourceTree = "<group>"; };
		09A0F32E2BD97BFC005E5C1F /* OpenInAppDashboard.app */ = {isa = PBXFileReference; explicitFileType = wrapper.application; includeInIndex = 0; path = OpenInAppDashboard.app; sourceTree = BUILT_PRODUCTS_DIR; };
		09A0F3312BD97BFC005E5C1F /* OpenInAppDashboardApp.swift */ = {isa = PBXFileReference; lastKnownFileType = sourcecode.swift; path = OpenInAppDashboardApp.swift; sourceTree = "<group>"; };
		09A0F3332BD97BFC005E5C1F /* ContentView.swift */ = {isa = PBXFileReference; lastKnownFileType = sourcecode.swift; path = ContentView.swift; sourceTree = "<group>"; };
		09A0F3352BD97BFD005E5C1F /* Assets.xcassets */ = {isa = PBXFileReference; lastKnownFileType = folder.assetcatalog; path = Assets.xcassets; sourceTree = "<group>"; };
		09A0F3382BD97BFD005E5C1F /* Preview Assets.xcassets */ = {isa = PBXFileReference; lastKnownFileType = folder.assetcatalog; path = "Preview Assets.xcassets"; sourceTree = "<group>"; };
		09A0F3432BD97C37005E5C1F /* Dashboard.swift */ = {isa = PBXFileReference; lastKnownFileType = sourcecode.swift; path = Dashboard.swift; sourceTree = "<group>"; };
		09A0F3472BD98392005E5C1F /* DetailsView.swift */ = {isa = PBXFileReference; lastKnownFileType = sourcecode.swift; path = DetailsView.swift; sourceTree = "<group>"; };
		09A0F3492BD9876D005E5C1F /* ChartView.swift */ = {isa = PBXFileReference; lastKnownFileType = sourcecode.swift; path = ChartView.swift; sourceTree = "<group>"; };
		09A0F34B2BD9B6DA005E5C1F /* BlockView.swift */ = {isa = PBXFileReference; lastKnownFileType = sourcecode.swift; path = BlockView.swift; sourceTree = "<group>"; };
		09A0F34D2BD9BF67005E5C1F /* LinkView.swift */ = {isa = PBXFileReference; lastKnownFileType = sourcecode.swift; path = LinkView.swift; sourceTree = "<group>"; };
		09A0F34F2BD9C318005E5C1F /* DetailLinkView.swift */ = {isa = PBXFileReference; lastKnownFileType = sourcecode.swift; path = DetailLinkView.swift; sourceTree = "<group>"; };
		09A0F3552BD9F701005E5C1F /* TopLinkData.swift */ = {isa = PBXFileReference; lastKnownFileType = sourcecode.swift; path = TopLinkData.swift; sourceTree = "<group>"; };
		09A0F3572BD9FAEB005E5C1F /* ApiService.swift */ = {isa = PBXFileReference; lastKnownFileType = sourcecode.swift; path = ApiService.swift; sourceTree = "<group>"; };
		09A0F3592BD9FB27005E5C1F /* LinkModel.swift */ = {isa = PBXFileReference; lastKnownFileType = sourcecode.swift; path = LinkModel.swift; sourceTree = "<group>"; };
		09A0F35B2BD9FE9C005E5C1F /* LinksVM.swift */ = {isa = PBXFileReference; lastKnownFileType = sourcecode.swift; path = LinksVM.swift; sourceTree = "<group>"; };
/* End PBXFileReference section */

/* Begin PBXFrameworksBuildPhase section */
		09A0F32B2BD97BFC005E5C1F /* Frameworks */ = {
			isa = PBXFrameworksBuildPhase;
			buildActionMask = 2147483647;
			files = (
			);
			runOnlyForDeploymentPostprocessing = 0;
		};
/* End PBXFrameworksBuildPhase section */

/* Begin PBXGroup section */
		09A0F3252BD97BFC005E5C1F = {
			isa = PBXGroup;
			children = (
				09A0F3302BD97BFC005E5C1F /* OpenInAppDashboard */,
				09A0F32F2BD97BFC005E5C1F /* Products */,
			);
			sourceTree = "<group>";
		};
		09A0F32F2BD97BFC005E5C1F /* Products */ = {
			isa = PBXGroup;
			children = (
				09A0F32E2BD97BFC005E5C1F /* OpenInAppDashboard.app */,
			);
			name = Products;
			sourceTree = "<group>";
		};
		09A0F3302BD97BFC005E5C1F /* OpenInAppDashboard */ = {
			isa = PBXGroup;
			children = (
				09A0F3422BD97C21005E5C1F /* ViewModel */,
				09A0F3412BD97C1B005E5C1F /* View */,
				09A0F3402BD97C13005E5C1F /* Model */,
				09A0F33F2BD97C0A005E5C1F /* Networking */,
				09A0F3312BD97BFC005E5C1F /* OpenInAppDashboardApp.swift */,
				09A0F3352BD97BFD005E5C1F /* Assets.xcassets */,
				09A0F3372BD97BFD005E5C1F /* Preview Content */,
			);
			path = OpenInAppDashboard;
			sourceTree = "<group>";
		};
		09A0F3372BD97BFD005E5C1F /* Preview Content */ = {
			isa = PBXGroup;
			children = (
				09A0F3382BD97BFD005E5C1F /* Preview Assets.xcassets */,
			);
			path = "Preview Content";
			sourceTree = "<group>";
		};
		09A0F33F2BD97C0A005E5C1F /* Networking */ = {
			isa = PBXGroup;
			children = (
				09A0F3572BD9FAEB005E5C1F /* ApiService.swift */,
			);
			path = Networking;
			sourceTree = "<group>";
		};
		09A0F3402BD97C13005E5C1F /* Model */ = {
			isa = PBXGroup;
			children = (
				09A0F3552BD9F701005E5C1F /* TopLinkData.swift */,
				09A0F3592BD9FB27005E5C1F /* LinkModel.swift */,
				095B9E682BDB241400990EEA /* DailyClicks.swift */,
			);
			path = Model;
			sourceTree = "<group>";
		};
		09A0F3412BD97C1B005E5C1F /* View */ = {
			isa = PBXGroup;
			children = (
				09A0F3332BD97BFC005E5C1F /* ContentView.swift */,
				09A0F3432BD97C37005E5C1F /* Dashboard.swift */,
				09A0F3472BD98392005E5C1F /* DetailsView.swift */,
				09A0F3492BD9876D005E5C1F /* ChartView.swift */,
				09A0F34B2BD9B6DA005E5C1F /* BlockView.swift */,
				09A0F34D2BD9BF67005E5C1F /* LinkView.swift */,
				09A0F34F2BD9C318005E5C1F /* DetailLinkView.swift */,
			);
			path = View;
			sourceTree = "<group>";
		};
		09A0F3422BD97C21005E5C1F /* ViewModel */ = {
			isa = PBXGroup;
			children = (
				09A0F35B2BD9FE9C005E5C1F /* LinksVM.swift */,
			);
			path = ViewModel;
			sourceTree = "<group>";
		};
/* End PBXGroup section */

/* Begin PBXNativeTarget section */
		09A0F32D2BD97BFC005E5C1F /* OpenInAppDashboard */ = {
			isa = PBXNativeTarget;
			buildConfigurationList = 09A0F33C2BD97BFD005E5C1F /* Build configuration list for PBXNativeTarget "OpenInAppDashboard" */;
			buildPhases = (
				09A0F32A2BD97BFC005E5C1F /* Sources */,
				09A0F32B2BD97BFC005E5C1F /* Frameworks */,
				09A0F32C2BD97BFC005E5C1F /* Resources */,
			);
			buildRules = (
			);
			dependencies = (
			);
			name = OpenInAppDashboard;
			productName = OpenInAppDashboard;
			productReference = 09A0F32E2BD97BFC005E5C1F /* OpenInAppDashboard.app */;
			productType = "com.apple.product-type.application";
		};
/* End PBXNativeTarget section */

/* Begin PBXProject section */
		09A0F3262BD97BFC005E5C1F /* Project object */ = {
			isa = PBXProject;
			attributes = {
				BuildIndependentTargetsInParallel = 1;
				LastSwiftUpdateCheck = 1530;
				LastUpgradeCheck = 1530;
				TargetAttributes = {
					09A0F32D2BD97BFC005E5C1F = {
						CreatedOnToolsVersion = 15.3;
					};
				};
			};
			buildConfigurationList = 09A0F3292BD97BFC005E5C1F /* Build configuration list for PBXProject "OpenInAppDashboard" */;
			compatibilityVersion = "Xcode 14.0";
			developmentRegion = en;
			hasScannedForEncodings = 0;
			knownRegions = (
				en,
				Base,
			);
			mainGroup = 09A0F3252BD97BFC005E5C1F;
			productRefGroup = 09A0F32F2BD97BFC005E5C1F /* Products */;
			projectDirPath = "";
			projectRoot = "";
			targets = (
				09A0F32D2BD97BFC005E5C1F /* OpenInAppDashboard */,
			);
		};
/* End PBXProject section */

/* Begin PBXResourcesBuildPhase section */
		09A0F32C2BD97BFC005E5C1F /* Resources */ = {
			isa = PBXResourcesBuildPhase;
			buildActionMask = 2147483647;
			files = (
				09A0F3392BD97BFD005E5C1F /* Preview Assets.xcassets in Resources */,
				09A0F3362BD97BFD005E5C1F /* Assets.xcassets in Resources */,
			);
			runOnlyForDeploymentPostprocessing = 0;
		};
/* End PBXResourcesBuildPhase section */

/* Begin PBXSourcesBuildPhase section */
		09A0F32A2BD97BFC005E5C1F /* Sources */ = {
			isa = PBXSourcesBuildPhase;
			buildActionMask = 2147483647;
			files = (
				09A0F3342BD97BFC005E5C1F /* ContentView.swift in Sources */,
				09A0F35A2BD9FB27005E5C1F /* LinkModel.swift in Sources */,
				095B9E692BDB241400990EEA /* DailyClicks.swift in Sources */,
				09A0F35C2BD9FE9C005E5C1F /* LinksVM.swift in Sources */,
				09A0F3582BD9FAEB005E5C1F /* ApiService.swift in Sources */,
				09A0F3482BD98392005E5C1F /* DetailsView.swift in Sources */,
				09A0F3442BD97C37005E5C1F /* Dashboard.swift in Sources */,
				09A0F3502BD9C318005E5C1F /* DetailLinkView.swift in Sources */,
				09A0F34A2BD9876E005E5C1F /* ChartView.swift in Sources */,
				09A0F34C2BD9B6DA005E5C1F /* BlockView.swift in Sources */,
				09A0F34E2BD9BF67005E5C1F /* LinkView.swift in Sources */,
				09A0F3322BD97BFC005E5C1F /* OpenInAppDashboardApp.swift in Sources */,
				09A0F3562BD9F701005E5C1F /* TopLinkData.swift in Sources */,
			);
			runOnlyForDeploymentPostprocessing = 0;
		};
/* End PBXSourcesBuildPhase section */

/* Begin XCBuildConfiguration section */
		09A0F33A2BD97BFD005E5C1F /* Debug */ = {
			isa = XCBuildConfiguration;
			buildSettings = {
				ALWAYS_SEARCH_USER_PATHS = NO;
				ASSETCATALOG_COMPILER_GENERATE_SWIFT_ASSET_SYMBOL_EXTENSIONS = YES;
				CLANG_ANALYZER_NONNULL = YES;
				CLANG_ANALYZER_NUMBER_OBJECT_CONVERSION = YES_AGGRESSIVE;
				CLANG_CXX_LANGUAGE_STANDARD = "gnu++20";
				CLANG_ENABLE_MODULES = YES;
				CLANG_ENABLE_OBJC_ARC = YES;
				CLANG_ENABLE_OBJC_WEAK = YES;
				CLANG_WARN_BLOCK_CAPTURE_AUTORELEASING = YES;
				CLANG_WARN_BOOL_CONVERSION = YES;
				CLANG_WARN_COMMA = YES;
				CLANG_WARN_CONSTANT_CONVERSION = YES;
				CLANG_WARN_DEPRECATED_OBJC_IMPLEMENTATIONS = YES;
				CLANG_WARN_DIRECT_OBJC_ISA_USAGE = YES_ERROR;
				CLANG_WARN_DOCUMENTATION_COMMENTS = YES;
				CLANG_WARN_EMPTY_BODY = YES;
				CLANG_WARN_ENUM_CONVERSION = YES;
				CLANG_WARN_INFINITE_RECURSION = YES;
				CLANG_WARN_INT_CONVERSION = YES;
				CLANG_WARN_NON_LITERAL_NULL_CONVERSION = YES;
				CLANG_WARN_OBJC_IMPLICIT_RETAIN_SELF = YES;
				CLANG_WARN_OBJC_LITERAL_CONVERSION = YES;
				CLANG_WARN_OBJC_ROOT_CLASS = YES_ERROR;
				CLANG_WARN_QUOTED_INCLUDE_IN_FRAMEWORK_HEADER = YES;
				CLANG_WARN_RANGE_LOOP_ANALYSIS = YES;
				CLANG_WARN_STRICT_PROTOTYPES = YES;
				CLANG_WARN_SUSPICIOUS_MOVE = YES;
				CLANG_WARN_UNGUARDED_AVAILABILITY = YES_AGGRESSIVE;
				CLANG_WARN_UNREACHABLE_CODE = YES;
				CLANG_WARN__DUPLICATE_METHOD_MATCH = YES;
				COPY_PHASE_STRIP = NO;
				DEBUG_INFORMATION_FORMAT = dwarf;
				ENABLE_STRICT_OBJC_MSGSEND = YES;
				ENABLE_TESTABILITY = YES;
				ENABLE_USER_SCRIPT_SANDBOXING = YES;
				GCC_C_LANGUAGE_STANDARD = gnu17;
				GCC_DYNAMIC_NO_PIC = NO;
				GCC_NO_COMMON_BLOCKS = YES;
				GCC_OPTIMIZATION_LEVEL = 0;
				GCC_PREPROCESSOR_DEFINITIONS = (
					"DEBUG=1",
					"$(inherited)",
				);
				GCC_WARN_64_TO_32_BIT_CONVERSION = YES;
				GCC_WARN_ABOUT_RETURN_TYPE = YES_ERROR;
				GCC_WARN_UNDECLARED_SELECTOR = YES;
				GCC_WARN_UNINITIALIZED_AUTOS = YES_AGGRESSIVE;
				GCC_WARN_UNUSED_FUNCTION = YES;
				GCC_WARN_UNUSED_VARIABLE = YES;
				IPHONEOS_DEPLOYMENT_TARGET = 17.4;
				LOCALIZATION_PREFERS_STRING_CATALOGS = YES;
				MTL_ENABLE_DEBUG_INFO = INCLUDE_SOURCE;
				MTL_FAST_MATH = YES;
				ONLY_ACTIVE_ARCH = YES;
				SDKROOT = iphoneos;
				SWIFT_ACTIVE_COMPILATION_CONDITIONS = "DEBUG $(inherited)";
				SWIFT_OPTIMIZATION_LEVEL = "-Onone";
			};
			name = Debug;
		};
		09A0F33B2BD97BFD005E5C1F /* Release */ = {
			isa = XCBuildConfiguration;
			buildSettings = {
				ALWAYS_SEARCH_USER_PATHS = NO;
				ASSETCATALOG_COMPILER_GENERATE_SWIFT_ASSET_SYMBOL_EXTENSIONS = YES;
				CLANG_ANALYZER_NONNULL = YES;
				CLANG_ANALYZER_NUMBER_OBJECT_CONVERSION = YES_AGGRESSIVE;
				CLANG_CXX_LANGUAGE_STANDARD = "gnu++20";
				CLANG_ENABLE_MODULES = YES;
				CLANG_ENABLE_OBJC_ARC = YES;
				CLANG_ENABLE_OBJC_WEAK = YES;
				CLANG_WARN_BLOCK_CAPTURE_AUTORELEASING = YES;
				CLANG_WARN_BOOL_CONVERSION = YES;
				CLANG_WARN_COMMA = YES;
				CLANG_WARN_CONSTANT_CONVERSION = YES;
				CLANG_WARN_DEPRECATED_OBJC_IMPLEMENTATIONS = YES;
				CLANG_WARN_DIRECT_OBJC_ISA_USAGE = YES_ERROR;
				CLANG_WARN_DOCUMENTATION_COMMENTS = YES;
				CLANG_WARN_EMPTY_BODY = YES;
				CLANG_WARN_ENUM_CONVERSION = YES;
				CLANG_WARN_INFINITE_RECURSION = YES;
				CLANG_WARN_INT_CONVERSION = YES;
				CLANG_WARN_NON_LITERAL_NULL_CONVERSION = YES;
				CLANG_WARN_OBJC_IMPLICIT_RETAIN_SELF = YES;
				CLANG_WARN_OBJC_LITERAL_CONVERSION = YES;
				CLANG_WARN_OBJC_ROOT_CLASS = YES_ERROR;
				CLANG_WARN_QUOTED_INCLUDE_IN_FRAMEWORK_HEADER = YES;
				CLANG_WARN_RANGE_LOOP_ANALYSIS = YES;
				CLANG_WARN_STRICT_PROTOTYPES = YES;
				CLANG_WARN_SUSPICIOUS_MOVE = YES;
				CLANG_WARN_UNGUARDED_AVAILABILITY = YES_AGGRESSIVE;
				CLANG_WARN_UNREACHABLE_CODE = YES;
				CLANG_WARN__DUPLICATE_METHOD_MATCH = YES;
				COPY_PHASE_STRIP = NO;
				DEBUG_INFORMATION_FORMAT = "dwarf-with-dsym";
				ENABLE_NS_ASSERTIONS = NO;
				ENABLE_STRICT_OBJC_MSGSEND = YES;
				ENABLE_USER_SCRIPT_SANDBOXING = YES;
				GCC_C_LANGUAGE_STANDARD = gnu17;
				GCC_NO_COMMON_BLOCKS = YES;
				GCC_WARN_64_TO_32_BIT_CONVERSION = YES;
				GCC_WARN_ABOUT_RETURN_TYPE = YES_ERROR;
				GCC_WARN_UNDECLARED_SELECTOR = YES;
				GCC_WARN_UNINITIALIZED_AUTOS = YES_AGGRESSIVE;
				GCC_WARN_UNUSED_FUNCTION = YES;
				GCC_WARN_UNUSED_VARIABLE = YES;
				IPHONEOS_DEPLOYMENT_TARGET = 17.4;
				LOCALIZATION_PREFERS_STRING_CATALOGS = YES;
				MTL_ENABLE_DEBUG_INFO = NO;
				MTL_FAST_MATH = YES;
				SDKROOT = iphoneos;
				SWIFT_COMPILATION_MODE = wholemodule;
				VALIDATE_PRODUCT = YES;
			};
			name = Release;
		};
		09A0F33D2BD97BFD005E5C1F /* Debug */ = {
			isa = XCBuildConfiguration;
			buildSettings = {
				ASSETCATALOG_COMPILER_APPICON_NAME = AppIcon;
				ASSETCATALOG_COMPILER_GLOBAL_ACCENT_COLOR_NAME = AccentColor;
				CODE_SIGN_STYLE = Automatic;
				CURRENT_PROJECT_VERSION = 1;
				DEVELOPMENT_ASSET_PATHS = "\"OpenInAppDashboard/Preview Content\"";
				DEVELOPMENT_TEAM = MG35RT5N6W;
				ENABLE_PREVIEWS = YES;
				GENERATE_INFOPLIST_FILE = YES;
				INFOPLIST_KEY_UIApplicationSceneManifest_Generation = YES;
				INFOPLIST_KEY_UIApplicationSupportsIndirectInputEvents = YES;
				INFOPLIST_KEY_UILaunchScreen_Generation = YES;
				INFOPLIST_KEY_UISupportedInterfaceOrientations_iPad = "UIInterfaceOrientationPortrait UIInterfaceOrientationPortraitUpsideDown UIInterfaceOrientationLandscapeLeft UIInterfaceOrientationLandscapeRight";
				INFOPLIST_KEY_UISupportedInterfaceOrientations_iPhone = "UIInterfaceOrientationPortrait UIInterfaceOrientationLandscapeLeft UIInterfaceOrientationLandscapeRight";
				LD_RUNPATH_SEARCH_PATHS = (
					"$(inherited)",
					"@executable_path/Frameworks",
				);
				MARKETING_VERSION = 1.0;
				PRODUCT_BUNDLE_IDENTIFIER = com.vimaga.OpenInAppDashboard;
				PRODUCT_NAME = "$(TARGET_NAME)";
				SWIFT_EMIT_LOC_STRINGS = YES;
				SWIFT_VERSION = 5.0;
				TARGETED_DEVICE_FAMILY = "1,2";
			};
			name = Debug;
		};
		09A0F33E2BD97BFD005E5C1F /* Release */ = {
			isa = XCBuildConfiguration;
			buildSettings = {
				ASSETCATALOG_COMPILER_APPICON_NAME = AppIcon;
				ASSETCATALOG_COMPILER_GLOBAL_ACCENT_COLOR_NAME = AccentColor;
				CODE_SIGN_STYLE = Automatic;
				CURRENT_PROJECT_VERSION = 1;
				DEVELOPMENT_ASSET_PATHS = "\"OpenInAppDashboard/Preview Content\"";
				DEVELOPMENT_TEAM = MG35RT5N6W;
				ENABLE_PREVIEWS = YES;
				GENERATE_INFOPLIST_FILE = YES;
				INFOPLIST_KEY_UIApplicationSceneManifest_Generation = YES;
				INFOPLIST_KEY_UIApplicationSupportsIndirectInputEvents = YES;
				INFOPLIST_KEY_UILaunchScreen_Generation = YES;
				INFOPLIST_KEY_UISupportedInterfaceOrientations_iPad = "UIInterfaceOrientationPortrait UIInterfaceOrientationPortraitUpsideDown UIInterfaceOrientationLandscapeLeft UIInterfaceOrientationLandscapeRight";
				INFOPLIST_KEY_UISupportedInterfaceOrientations_iPhone = "UIInterfaceOrientationPortrait UIInterfaceOrientationLandscapeLeft UIInterfaceOrientationLandscapeRight";
				LD_RUNPATH_SEARCH_PATHS = (
					"$(inherited)",
					"@executable_path/Frameworks",
				);
				MARKETING_VERSION = 1.0;
				PRODUCT_BUNDLE_IDENTIFIER = com.vimaga.OpenInAppDashboard;
				PRODUCT_NAME = "$(TARGET_NAME)";
				SWIFT_EMIT_LOC_STRINGS = YES;
				SWIFT_VERSION = 5.0;
				TARGETED_DEVICE_FAMILY = "1,2";
			};
			name = Release;
		};
/* End XCBuildConfiguration section */

/* Begin XCConfigurationList section */
		09A0F3292BD97BFC005E5C1F /* Build configuration list for PBXProject "OpenInAppDashboard" */ = {
			isa = XCConfigurationList;
			buildConfigurations = (
				09A0F33A2BD97BFD005E5C1F /* Debug */,
				09A0F33B2BD97BFD005E5C1F /* Release */,
			);
			defaultConfigurationIsVisible = 0;
			defaultConfigurationName = Release;
		};
		09A0F33C2BD97BFD005E5C1F /* Build configuration list for PBXNativeTarget "OpenInAppDashboard" */ = {
			isa = XCConfigurationList;
			buildConfigurations = (
				09A0F33D2BD97BFD005E5C1F /* Debug */,
				09A0F33E2BD97BFD005E5C1F /* Release */,
			);
			defaultConfigurationIsVisible = 0;
			defaultConfigurationName = Release;
		};
/* End XCConfigurationList section */
	};
	rootObject = 09A0F3262BD97BFC005E5C1F /* Project object */;
}
